{
  "name": "vue-person",
  "version": "1.0.0",
  "lockfileVersion": 1,
  "requires": true,
  "dependencies": {
    "@vue/reactivity": {
      "version": "3.0.10",
      "resolved": "https://registry.npm.taobao.org/@vue/reactivity/download/@vue/reactivity-3.0.10.tgz?cache=0&sync_timestamp=1617149326624&other_urls=https%3A%2F%2Fregistry.npm.taobao.org%2F%40vue%2Freactivity%2Fdownload%2F%40vue%2Freactivity-3.0.10.tgz",
      "integrity": "sha1-ASgwczKR5ggn87Io1CWtU7g0hM4=",
      "requires": {
        "@vue/shared": "3.0.10"
      }
    },
    "@vue/shared": {
      "version": "3.0.10",
      "resolved": "https://registry.npm.taobao.org/@vue/shared/download/@vue/shared-3.0.10.tgz?cache=0&sync_timestamp=1617149325618&other_urls=https%3A%2F%2Fregistry.npm.taobao.org%2F%40vue%2Fshared%2Fdownload%2F%40vue%2Fshared-3.0.10.tgz",
      "integrity": "sha1-VHbVYV0BvzOcZcLoBPWQm7wnhEo="
    }
  }
}
